
Microsoft Visual Studio Solution File, Format Version 12.00
# Visual Studio Version 16
VisualStudioVersion = 16.0.30709.132
MinimumVisualStudioVersion = 10.0.40219.1
Project("{9A19103F-16F7-4668-BE54-9A1E7A4F7556}") = "DataAccess", "DataAccess\DataAccess.csproj", "{1BD2508C-7E3B-473B-AFFC-8874DA13E9D9}"
EndProject
Project("{9A19103F-16F7-4668-BE54-9A1E7A4F7556}") = "Busıness", "Busıness\Busıness.csproj", "{EE04CF48-2964-4A19-8944-6131AC9BE1EB}"
EndProject
Project("{9A19103F-16F7-4668-BE54-9A1E7A4F7556}") = "Entities", "Entities\Entities.csproj", "{C4FDDAB6-6C89-4510-9CCF-FF4658508126}"
EndProject
Project("{9A19103F-16F7-4668-BE54-9A1E7A4F7556}") = "ConsoleUI", "ConsoleUI\ConsoleUI.csproj", "{62F030FE-0CAC-4D97-8E2B-582A3DF65EA7}"
EndProject
Project("{9A19103F-16F7-4668-BE54-9A1E7A4F7556}") = "Core", "Core\Core.csproj", "{0A31ED07-C48F-495D-8FE4-6611CFB1947A}"
EndProject
Project("{FAE04EC0-301F-11D3-BF4B-00C04F79EFBC}") = "WebAPI2", "WebAPI2\WebAPI2.csproj", "{D21A86E3-6B1B-4D67-8249-4E5B80F009B8}"
EndProject
Global
	GlobalSection(SolutionConfigurationPlatforms) = preSolution
		Debug|Any CPU = Debug|Any CPU
		Release|Any CPU = Release|Any CPU
	EndGlobalSection
	GlobalSection(ProjectConfigurationPlatforms) = postSolution
		{1BD2508C-7E3B-473B-AFFC-8874DA13E9D9}.Debug|Any CPU.ActiveCfg = Debug|Any CPU
		{1BD2508C-7E3B-473B-AFFC-8874DA13E9D9}.Debug|Any CPU.Build.0 = Debug|Any CPU
		{1BD2508C-7E3B-473B-AFFC-8874DA13E9D9}.Release|Any CPU.ActiveCfg = Release|Any CPU
		{1BD2508C-7E3B-473B-AFFC-8874DA13E9D9}.Release|Any CPU.Build.0 = Release|Any CPU
		{EE04CF48-2964-4A19-8944-6131AC9BE1EB}.Debug|Any CPU.ActiveCfg = Debug|Any CPU
		{EE04CF48-2964-4A19-8944-6131AC9BE1EB}.Debug|Any CPU.Build.0 = Debug|Any CPU
		{EE04CF48-2964-4A19-8944-6131AC9BE1EB}.Release|Any CPU.ActiveCfg = Release|Any CPU
		{EE04CF48-2964-4A19-8944-6131AC9BE1EB}.Release|Any CPU.Build.0 = Release|Any CPU
		{C4FDDAB6-6C89-4510-9CCF-FF4658508126}.Debug|Any CPU.ActiveCfg = Debug|Any CPU
		{C4FDDAB6-6C89-4510-9CCF-FF4658508126}.Debug|Any CPU.Build.0 = Debug|Any CPU
		{C4FDDAB6-6C89-4510-9CCF-FF4658508126}.Release|Any CPU.ActiveCfg = Release|Any CPU
		{C4FDDAB6-6C89-4510-9CCF-FF4658508126}.Release|Any CPU.Build.0 = Release|Any CPU
		{62F030FE-0CAC-4D97-8E2B-582A3DF65EA7}.Debug|Any CPU.ActiveCfg = Debug|Any CPU
		{62F030FE-0CAC-4D97-8E2B-582A3DF65EA7}.Debug|Any CPU.Build.0 = Debug|Any CPU
		{62F030FE-0CAC-4D97-8E2B-582A3DF65EA7}.Release|Any CPU.ActiveCfg = Release|Any CPU
		{62F030FE-0CAC-4D97-8E2B-582A3DF65EA7}.Release|Any CPU.Build.0 = Release|Any CPU
		{0A31ED07-C48F-495D-8FE4-6611CFB1947A}.Debug|Any CPU.ActiveCfg = Debug|Any CPU
		{0A31ED07-C48F-495D-8FE4-6611CFB1947A}.Debug|Any CPU.Build.0 = Debug|Any CPU
		{0A31ED07-C48F-495D-8FE4-6611CFB1947A}.Release|Any CPU.ActiveCfg = Release|Any CPU
		{0A31ED07-C48F-495D-8FE4-6611CFB1947A}.Release|Any CPU.Build.0 = Release|Any CPU
		{D21A86E3-6B1B-4D67-8249-4E5B80F009B8}.Debug|Any CPU.ActiveCfg = Debug|Any CPU
		{D21A86E3-6B1B-4D67-8249-4E5B80F009B8}.Debug|Any CPU.Build.0 = Debug|Any CPU
		{D21A86E3-6B1B-4D67-8249-4E5B80F009B8}.Release|Any CPU.ActiveCfg = Release|Any CPU
		{D21A86E3-6B1B-4D67-8249-4E5B80F009B8}.Release|Any CPU.Build.0 = Release|Any CPU
	EndGlobalSection
	GlobalSection(SolutionProperties) = preSolution
		HideSolutionNode = FALSE
	EndGlobalSection
	GlobalSection(ExtensibilityGlobals) = postSolution
		SolutionGuid = {EC37559B-F7BD-4CFD-A979-ACFB5B467801}
	EndGlobalSection
EndGlobal
